// !$*UTF8*$!
{
	archiveVersion = 1;
	classes = {
	};
	objectVersion = 50;
	objects = {

/* Begin PBXBuildFile section */
		18FE5ADA2255CB8D00690D55 /* TabBarViewController.m in Sources */ = {isa = PBXBuildFile; fileRef = 18FE5AD92255CB8D00690D55 /* TabBarViewController.m */; };
		18FE5AE02255D3A800690D55 /* ThisModel.m in Sources */ = {isa = PBXBuildFile; fileRef = 18FE5ADF2255D3A800690D55 /* ThisModel.m */; };
		75D2760D22520BA20057A859 /* AppDelegate.m in Sources */ = {isa = PBXBuildFile; fileRef = 75D2760C22520BA20057A859 /* AppDelegate.m */; };
		75D2761022520BA20057A859 /* ViewController.m in Sources */ = {isa = PBXBuildFile; fileRef = 75D2760F22520BA20057A859 /* ViewController.m */; };
		75D2761322520BA20057A859 /* Main.storyboard in Resources */ = {isa = PBXBuildFile; fileRef = 75D2761122520BA20057A859 /* Main.storyboard */; };
		75D2761522520BA60057A859 /* Assets.xcassets in Resources */ = {isa = PBXBuildFile; fileRef = 75D2761422520BA60057A859 /* Assets.xcassets */; };
		75D2761822520BA60057A859 /* LaunchScreen.storyboard in Resources */ = {isa = PBXBuildFile; fileRef = 75D2761622520BA60057A859 /* LaunchScreen.storyboard */; };
		75D2761B22520BA60057A859 /* main.m in Sources */ = {isa = PBXBuildFile; fileRef = 75D2761A22520BA60057A859 /* main.m */; };
		75D2762522520BA60057A859 /* GitATests.m in Sources */ = {isa = PBXBuildFile; fileRef = 75D2762422520BA60057A859 /* GitATests.m */; };
		75D2763022520BA70057A859 /* GitAUITests.m in Sources */ = {isa = PBXBuildFile; fileRef = 75D2762F22520BA70057A859 /* GitAUITests.m */; };
/* End PBXBuildFile section */

/* Begin PBXContainerItemProxy section */
		75D2762122520BA60057A859 /* PBXContainerItemProxy */ = {
			isa = PBXContainerItemProxy;
			containerPortal = 75D2760022520BA20057A859 /* Project object */;
			proxyType = 1;
			remoteGlobalIDString = 75D2760722520BA20057A859;
			remoteInfo = GitA;
		};
		75D2762C22520BA70057A859 /* PBXContainerItemProxy */ = {
			isa = PBXContainerItemProxy;
			containerPortal = 75D2760022520BA20057A859 /* Project object */;
			proxyType = 1;
			remoteGlobalIDString = 75D2760722520BA20057A859;
			remoteInfo = GitA;
		};
/* End PBXContainerItemProxy section */

/* Begin PBXFileReference section */
		18FE5AD82255CB8D00690D55 /* TabBarViewController.h */ = {isa = PBXFileReference; lastKnownFileType = sourcecode.c.h; path = TabBarViewController.h; sourceTree = "<group>"; };
		18FE5AD92255CB8D00690D55 /* TabBarViewController.m */ = {isa = PBXFileReference; lastKnownFileType = sourcecode.c.objc; path = TabBarViewController.m; sourceTree = "<group>"; };
		18FE5ADE2255D3A800690D55 /* ThisModel.h */ = {isa = PBXFileReference; lastKnownFileType = sourcecode.c.h; path = ThisModel.h; sourceTree = "<group>"; };
		18FE5ADF2255D3A800690D55 /* ThisModel.m */ = {isa = PBXFileReference; lastKnownFileType = sourcecode.c.objc; path = ThisModel.m; sourceTree = "<group>"; };
		75D2760822520BA20057A859 /* GitA.app */ = {isa = PBXFileReference; explicitFileType = wrapper.application; includeInIndex = 0; path = GitA.app; sourceTree = BUILT_PRODUCTS_DIR; };
		75D2760B22520BA20057A859 /* AppDelegate.h */ = {isa = PBXFileReference; lastKnownFileType = sourcecode.c.h; path = AppDelegate.h; sourceTree = "<group>"; };
		75D2760C22520BA20057A859 /* AppDelegate.m */ = {isa = PBXFileReference; lastKnownFileType = sourcecode.c.objc; path = AppDelegate.m; sourceTree = "<group>"; };
		75D2760E22520BA20057A859 /* ViewController.h */ = {isa = PBXFileReference; lastKnownFileType = sourcecode.c.h; path = ViewController.h; sourceTree = "<group>"; };
		75D2760F22520BA20057A859 /* ViewController.m */ = {isa = PBXFileReference; lastKnownFileType = sourcecode.c.objc; path = ViewController.m; sourceTree = "<group>"; };
		75D2761222520BA20057A859 /* Base */ = {isa = PBXFileReference; lastKnownFileType = file.storyboard; name = Base; path = Base.lproj/Main.storyboard; sourceTree = "<group>"; };
		75D2761422520BA60057A859 /* Assets.xcassets */ = {isa = PBXFileReference; lastKnownFileType = folder.assetcatalog; path = Assets.xcassets; sourceTree = "<group>"; };
		75D2761722520BA60057A859 /* Base */ = {isa = PBXFileReference; lastKnownFileType = file.storyboard; name = Base; path = Base.lproj/LaunchScreen.storyboard; sourceTree = "<group>"; };
		75D2761922520BA60057A859 /* Info.plist */ = {isa = PBXFileReference; lastKnownFileType = text.plist.xml; path = Info.plist; sourceTree = "<group>"; };
		75D2761A22520BA60057A859 /* main.m */ = {isa = PBXFileReference; lastKnownFileType = sourcecode.c.objc; path = main.m; sourceTree = "<group>"; };
		75D2762022520BA60057A859 /* GitATests.xctest */ = {isa = PBXFileReference; explicitFileType = wrapper.cfbundle; includeInIndex = 0; path = GitATests.xctest; sourceTree = BUILT_PRODUCTS_DIR; };
		75D2762422520BA60057A859 /* GitATests.m */ = {isa = PBXFileReference; lastKnownFileType = sourcecode.c.objc; path = GitATests.m; sourceTree = "<group>"; };
		75D2762622520BA60057A859 /* Info.plist */ = {isa = PBXFileReference; lastKnownFileType = text.plist.xml; path = Info.plist; sourceTree = "<group>"; };
		75D2762B22520BA70057A859 /* GitAUITests.xctest */ = {isa = PBXFileReference; explicitFileType = wrapper.cfbundle; includeInIndex = 0; path = GitAUITests.xctest; sourceTree = BUILT_PRODUCTS_DIR; };
		75D2762F22520BA70057A859 /* GitAUITests.m */ = {isa = PBXFileReference; lastKnownFileType = sourcecode.c.objc; path = GitAUITests.m; sourceTree = "<group>"; };
		75D2763122520BA70057A859 /* Info.plist */ = {isa = PBXFileReference; lastKnownFileType = text.plist.xml; path = Info.plist; sourceTree = "<group>"; };
/* End PBXFileReference section */

/* Begin PBXFrameworksBuildPhase section */
		75D2760522520BA20057A859 /* Frameworks */ = {
			isa = PBXFrameworksBuildPhase;
			buildActionMask = 2147483647;
			files = (
			);
			runOnlyForDeploymentPostprocessing = 0;
		};
		75D2761D22520BA60057A859 /* Frameworks */ = {
			isa = PBXFrameworksBuildPhase;
			buildActionMask = 2147483647;
			files = (
			);
			runOnlyForDeploymentPostprocessing = 0;
		};
		75D2762822520BA70057A859 /* Frameworks */ = {
			isa = PBXFrameworksBuildPhase;
			buildActionMask = 2147483647;
			files = (
			);
			runOnlyForDeploymentPostprocessing = 0;
		};
/* End PBXFrameworksBuildPhase section */

/* Begin PBXGroup section */
		75D275FF22520BA20057A859 = {
			isa = PBXGroup;
			children = (
				75D2760A22520BA20057A859 /* GitA */,
				75D2762322520BA60057A859 /* GitATests */,
				75D2762E22520BA70057A859 /* GitAUITests */,
				75D2760922520BA20057A859 /* Products */,
			);
			sourceTree = "<group>";
		};
		75D2760922520BA20057A859 /* Products */ = {
			isa = PBXGroup;
			children = (
				75D2760822520BA20057A859 /* GitA.app */,
				75D2762022520BA60057A859 /* GitATests.xctest */,
				75D2762B22520BA70057A859 /* GitAUITests.xctest */,
			);
			name = Products;
			sourceTree = "<group>";
		};
		75D2760A22520BA20057A859 /* GitA */ = {
			isa = PBXGroup;
			children = (
				75D2760B22520BA20057A859 /* AppDelegate.h */,
				75D2760C22520BA20057A859 /* AppDelegate.m */,
				75D2760E22520BA20057A859 /* ViewController.h */,
				75D2760F22520BA20057A859 /* ViewController.m */,
				18FE5AD82255CB8D00690D55 /* TabBarViewController.h */,
				18FE5AD92255CB8D00690D55 /* TabBarViewController.m */,
				18FE5ADE2255D3A800690D55 /* ThisModel.h */,
				18FE5ADF2255D3A800690D55 /* ThisModel.m */,
				75D2761122520BA20057A859 /* Main.storyboard */,
				75D2761422520BA60057A859 /* Assets.xcassets */,
				75D2761622520BA60057A859 /* LaunchScreen.storyboard */,
				75D2761922520BA60057A859 /* Info.plist */,
				75D2761A22520BA60057A859 /* main.m */,
			);
			path = GitA;
			sourceTree = "<group>";
		};
		75D2762322520BA60057A859 /* GitATests */ = {
			isa = PBXGroup;
			children = (
				75D2762422520BA60057A859 /* GitATests.m */,
				75D2762622520BA60057A859 /* Info.plist */,
			);
			path = GitATests;
			sourceTree = "<group>";
		};
		75D2762E22520BA70057A859 /* GitAUITests */ = {
			isa = PBXGroup;
			children = (
				75D2762F22520BA70057A859 /* GitAUITests.m */,
				75D2763122520BA70057A859 /* Info.plist */,
			);
			path = GitAUITests;
			sourceTree = "<group>";
		};
/* End PBXGroup section */

/* Begin PBXNativeTarget section */
		75D2760722520BA20057A859 /* GitA */ = {
			isa = PBXNativeTarget;
			buildConfigurationList = 75D2763422520BA70057A859 /* Build configuration list for PBXNativeTarget "GitA" */;
			buildPhases = (
				75D2760422520BA20057A859 /* Sources */,
				75D2760522520BA20057A859 /* Frameworks */,
				75D2760622520BA20057A859 /* Resources */,
			);
			buildRules = (
			);
			dependencies = (
			);
			name = GitA;
			productName = GitA;
			productReference = 75D2760822520BA20057A859 /* GitA.app */;
			productType = "com.apple.product-type.application";
		};
		75D2761F22520BA60057A859 /* GitATests */ = {
			isa = PBXNativeTarget;
			buildConfigurationList = 75D2763722520BA70057A859 /* Build configuration list for PBXNativeTarget "GitATests" */;
			buildPhases = (
				75D2761C22520BA60057A859 /* Sources */,
				75D2761D22520BA60057A859 /* Frameworks */,
				75D2761E22520BA60057A859 /* Resources */,
			);
			buildRules = (
			);
			dependencies = (
				75D2762222520BA60057A859 /* PBXTargetDependency */,
			);
			name = GitATests;
			productName = GitATests;
			productReference = 75D2762022520BA60057A859 /* GitATests.xctest */;
			productType = "com.apple.product-type.bundle.unit-test";
		};
		75D2762A22520BA70057A859 /* GitAUITests */ = {
			isa = PBXNativeTarget;
			buildConfigurationList = 75D2763A22520BA70057A859 /* Build configuration list for PBXNativeTarget "GitAUITests" */;
			buildPhases = (
				75D2762722520BA70057A859 /* Sources */,
				75D2762822520BA70057A859 /* Frameworks */,
				75D2762922520BA70057A859 /* Resources */,
			);
			buildRules = (
			);
			dependencies = (
				75D2762D22520BA70057A859 /* PBXTargetDependency */,
			);
			name = GitAUITests;
			productName = GitAUITests;
			productReference = 75D2762B22520BA70057A859 /* GitAUITests.xctest */;
			productType = "com.apple.product-type.bundle.ui-testing";
		};
/* End PBXNativeTarget section */

/* Begin PBXProject section */
		75D2760022520BA20057A859 /* Project object */ = {
			isa = PBXProject;
			attributes = {
				LastUpgradeCheck = 1010;
				ORGANIZATIONNAME = ht;
				TargetAttributes = {
					75D2760722520BA20057A859 = {
						CreatedOnToolsVersion = 10.1;
					};
					75D2761F22520BA60057A859 = {
						CreatedOnToolsVersion = 10.1;
						TestTargetID = 75D2760722520BA20057A859;
					};
					75D2762A22520BA70057A859 = {
						CreatedOnToolsVersion = 10.1;
						TestTargetID = 75D2760722520BA20057A859;
					};
				};
			};
			buildConfigurationList = 75D2760322520BA20057A859 /* Build configuration list for PBXProject "GitA" */;
			compatibilityVersion = "Xcode 9.3";
			developmentRegion = en;
			hasScannedForEncodings = 0;
			knownRegions = (
				en,
				Base,
			);
			mainGroup = 75D275FF22520BA20057A859;
			productRefGroup = 75D2760922520BA20057A859 /* Products */;
			projectDirPath = "";
			projectRoot = "";
			targets = (
				75D2760722520BA20057A859 /* GitA */,
				75D2761F22520BA60057A859 /* GitATests */,
				75D2762A22520BA70057A859 /* GitAUITests */,
			);
		};
/* End PBXProject section */

/* Begin PBXResourcesBuildPhase section */
		75D2760622520BA20057A859 /* Resources */ = {
			isa = PBXResourcesBuildPhase;
			buildActionMask = 2147483647;
			files = (
				75D2761822520BA60057A859 /* LaunchScreen.storyboard in Resources */,
				75D2761522520BA60057A859 /* Assets.xcassets in Resources */,
				75D2761322520BA20057A859 /* Main.storyboard in Resources */,
			);
			runOnlyForDeploymentPostprocessing = 0;
		};
		75D2761E22520BA60057A859 /* Resources */ = {
			isa = PBXResourcesBuildPhase;
			buildActionMask = 2147483647;
			files = (
			);
			runOnlyForDeploymentPostprocessing = 0;
		};
		75D2762922520BA70057A859 /* Resources */ = {
			isa = PBXResourcesBuildPhase;
			buildActionMask = 2147483647;
			files = (
			);
			runOnlyForDeploymentPostprocessing = 0;
		};
/* End PBXResourcesBuildPhase section */

/* Begin PBXSourcesBuildPhase section */
		75D2760422520BA20057A859 /* Sources */ = {
			isa = PBXSourcesBuildPhase;
			buildActionMask = 2147483647;
			files = (
				18FE5ADA2255CB8D00690D55 /* TabBarViewController.m in Sources */,
				75D2761022520BA20057A859 /* ViewController.m in Sources */,
				75D2761B22520BA60057A859 /* main.m in Sources */,
				18FE5AE02255D3A800690D55 /* ThisModel.m in Sources */,
				75D2760D22520BA20057A859 /* AppDelegate.m in Sources */,
			);
			runOnlyForDeploymentPostprocessing = 0;
		};
		75D2761C22520BA60057A859 /* Sources */ = {
			isa = PBXSourcesBuildPhase;
			buildActionMask = 2147483647;
			files = (
				75D2762522520BA60057A859 /* GitATests.m in Sources */,
			);
			runOnlyForDeploymentPostprocessing = 0;
		};
		75D2762722520BA70057A859 /* Sources */ = {
			isa = PBXSourcesBuildPhase;
			buildActionMask = 2147483647;
			files = (
				75D2763022520BA70057A859 /* GitAUITests.m in Sources */,
			);
			runOnlyForDeploymentPostprocessing = 0;
		};
/* End PBXSourcesBuildPhase section */

/* Begin PBXTargetDependency section */
		75D2762222520BA60057A859 /* PBXTargetDependency */ = {
			isa = PBXTargetDependency;
			target = 75D2760722520BA20057A859 /* GitA */;
			targetProxy = 75D2762122520BA60057A859 /* PBXContainerItemProxy */;
		};
		75D2762D22520BA70057A859 /* PBXTargetDependency */ = {
			isa = PBXTargetDependency;
			target = 75D2760722520BA20057A859 /* GitA */;
			targetProxy = 75D2762C22520BA70057A859 /* PBXContainerItemProxy */;
		};
/* End PBXTargetDependency section */

/* Begin PBXVariantGroup section */
		75D2761122520BA20057A859 /* Main.storyboard */ = {
			isa = PBXVariantGroup;
			children = (
				75D2761222520BA20057A859 /* Base */,
			);
			name = Main.storyboard;
			sourceTree = "<group>";
		};
		75D2761622520BA60057A859 /* LaunchScreen.storyboard */ = {
			isa = PBXVariantGroup;
			children = (
				75D2761722520BA60057A859 /* Base */,
			);
			name = LaunchScreen.storyboard;
			sourceTree = "<group>";
		};
/* End PBXVariantGroup section */

/* Begin XCBuildConfiguration section */
		75D2763222520BA70057A859 /* Debug */ = {
			isa = XCBuildConfiguration;
			buildSettings = {
				ALWAYS_SEARCH_USER_PATHS = NO;
				CLANG_ANALYZER_NONNULL = YES;
				CLANG_ANALYZER_NUMBER_OBJECT_CONVERSION = YES_AGGRESSIVE;
				CLANG_CXX_LANGUAGE_STANDARD = "gnu++14";
				CLANG_CXX_LIBRARY = "libc++";
				CLANG_ENABLE_MODULES = YES;
				CLANG_ENABLE_OBJC_ARC = YES;
				CLANG_ENABLE_OBJC_WEAK = YES;
				CLANG_WARN_BLOCK_CAPTURE_AUTORELEASING = YES;
				CLANG_WARN_BOOL_CONVERSION = YES;
				CLANG_WARN_COMMA = YES;
				CLANG_WARN_CONSTANT_CONVERSION = YES;
				CLANG_WARN_DEPRECATED_OBJC_IMPLEMENTATIONS = YES;
				CLANG_WARN_DIRECT_OBJC_ISA_USAGE = YES_ERROR;
				CLANG_WARN_DOCUMENTATION_COMMENTS = YES;
				CLANG_WARN_EMPTY_BODY = YES;
				CLANG_WARN_ENUM_CONVERSION = YES;
				CLANG_WARN_INFINITE_RECURSION = YES;
				CLANG_WARN_INT_CONVERSION = YES;
				CLANG_WARN_NON_LITERAL_NULL_CONVERSION = YES;
				CLANG_WARN_OBJC_IMPLICIT_RETAIN_SELF = YES;
				CLANG_WARN_OBJC_LITERAL_CONVERSION = YES;
				CLANG_WARN_OBJC_ROOT_CLASS = YES_ERROR;
				CLANG_WARN_RANGE_LOOP_ANALYSIS = YES;
				CLANG_WARN_STRICT_PROTOTYPES = YES;
				CLANG_WARN_SUSPICIOUS_MOVE = YES;
				CLANG_WARN_UNGUARDED_AVAILABILITY = YES_AGGRESSIVE;
				CLANG_WARN_UNREACHABLE_CODE = YES;
				CLANG_WARN__DUPLICATE_METHOD_MATCH = YES;
				CODE_SIGN_IDENTITY = "iPhone Developer";
				COPY_PHASE_STRIP = NO;
				DEBUG_INFORMATION_FORMAT = dwarf;
				ENABLE_STRICT_OBJC_MSGSEND = YES;
				ENABLE_TESTABILITY = YES;
				GCC_C_LANGUAGE_STANDARD = gnu11;
				GCC_DYNAMIC_NO_PIC = NO;
				GCC_NO_COMMON_BLOCKS = YES;
				GCC_OPTIMIZATION_LEVEL = 0;
				GCC_PREPROCESSOR_DEFINITIONS = (
					"DEBUG=1",
					"$(inherited)",
				);
				GCC_WARN_64_TO_32_BIT_CONVERSION = YES;
				GCC_WARN_ABOUT_RETURN_TYPE = YES_ERROR;
				GCC_WARN_UNDECLARED_SELECTOR = YES;
				GCC_WARN_UNINITIALIZED_AUTOS = YES_AGGRESSIVE;
				GCC_WARN_UNUSED_FUNCTION = YES;
				GCC_WARN_UNUSED_VARIABLE = YES;
				IPHONEOS_DEPLOYMENT_TARGET = 12.1;
				MTL_ENABLE_DEBUG_INFO = INCLUDE_SOURCE;
				MTL_FAST_MATH = YES;
				ONLY_ACTIVE_ARCH = YES;
				SDKROOT = iphoneos;
			};
			name = Debug;
		};
		75D2763322520BA70057A859 /* Release */ = {
			isa = XCBuildConfiguration;
			buildSettings = {
				ALWAYS_SEARCH_USER_PATHS = NO;
				CLANG_ANALYZER_NONNULL = YES;
				CLANG_ANALYZER_NUMBER_OBJECT_CONVERSION = YES_AGGRESSIVE;
				CLANG_CXX_LANGUAGE_STANDARD = "gnu++14";
				CLANG_CXX_LIBRARY = "libc++";
				CLANG_ENABLE_MODULES = YES;
				CLANG_ENABLE_OBJC_ARC = YES;
				CLANG_ENABLE_OBJC_WEAK = YES;
				CLANG_WARN_BLOCK_CAPTURE_AUTORELEASING = YES;
				CLANG_WARN_BOOL_CONVERSION = YES;
				CLANG_WARN_COMMA = YES;
				CLANG_WARN_CONSTANT_CONVERSION = YES;
				CLANG_WARN_DEPRECATED_OBJC_IMPLEMENTATIONS = YES;
				CLANG_WARN_DIRECT_OBJC_ISA_USAGE = YES_ERROR;
				CLANG_WARN_DOCUMENTATION_COMMENTS = YES;
				CLANG_WARN_EMPTY_BODY = YES;
				CLANG_WARN_ENUM_CONVERSION = YES;
				CLANG_WARN_INFINITE_RECURSION = YES;
				CLANG_WARN_INT_CONVERSION = YES;
				CLANG_WARN_NON_LITERAL_NULL_CONVERSION = YES;
				CLANG_WARN_OBJC_IMPLICIT_RETAIN_SELF = YES;
				CLANG_WARN_OBJC_LITERAL_CONVERSION = YES;
				CLANG_WARN_OBJC_ROOT_CLASS = YES_ERROR;
				CLANG_WARN_RANGE_LOOP_ANALYSIS = YES;
				CLANG_WARN_STRICT_PROTOTYPES = YES;
				CLANG_WARN_SUSPICIOUS_MOVE = YES;
				CLANG_WARN_UNGUARDED_AVAILABILITY = YES_AGGRESSIVE;
				CLANG_WARN_UNREACHABLE_CODE = YES;
				CLANG_WARN__DUPLICATE_METHOD_MATCH = YES;
				CODE_SIGN_IDENTITY = "iPhone Developer";
				COPY_PHASE_STRIP = NO;
				DEBUG_INFORMATION_FORMAT = "dwarf-with-dsym";
				ENABLE_NS_ASSERTIONS = NO;
				ENABLE_STRICT_OBJC_MSGSEND = YES;
				GCC_C_LANGUAGE_STANDARD = gnu11;
				GCC_NO_COMMON_BLOCKS = YES;
				GCC_WARN_64_TO_32_BIT_CONVERSION = YES;
				GCC_WARN_ABOUT_RETURN_TYPE = YES_ERROR;
				GCC_WARN_UNDECLARED_SELECTOR = YES;
				GCC_WARN_UNINITIALIZED_AUTOS = YES_AGGRESSIVE;
				GCC_WARN_UNUSED_FUNCTION = YES;
				GCC_WARN_UNUSED_VARIABLE = YES;
				IPHONEOS_DEPLOYMENT_TARGET = 12.1;
				MTL_ENABLE_DEBUG_INFO = NO;
				MTL_FAST_MATH = YES;
				SDKROOT = iphoneos;
				VALIDATE_PRODUCT = YES;
			};
			name = Release;
		};
		75D2763522520BA70057A859 /* Debug */ = {
			isa = XCBuildConfiguration;
			buildSettings = {
				ASSETCATALOG_COMPILER_APPICON_NAME = AppIcon;
				CODE_SIGN_STYLE = Automatic;
				INFOPLIST_FILE = GitA/Info.plist;
				LD_RUNPATH_SEARCH_PATHS = (
					"$(inherited)",
					"@executable_path/Frameworks",
				);
				PRODUCT_BUNDLE_IDENTIFIER = com.rtrs.GitA;
				PRODUCT_NAME = "$(TARGET_NAME)";
				TARGETED_DEVICE_FAMILY = "1,2";
			};
			name = Debug;
		};
		75D2763622520BA70057A859 /* Release */ = {
			isa = XCBuildConfiguration;
			buildSettings = {
				ASSETCATALOG_COMPILER_APPICON_NAME = AppIcon;
				CODE_SIGN_STYLE = Automatic;
				INFOPLIST_FILE = GitA/Info.plist;
				LD_RUNPATH_SEARCH_PATHS = (
					"$(inherited)",
					"@executable_path/Frameworks",
				);
				PRODUCT_BUNDLE_IDENTIFIER = com.rtrs.GitA;
				PRODUCT_NAME = "$(TARGET_NAME)";
				TARGETED_DEVICE_FAMILY = "1,2";
			};
			name = Release;
		};
		75D2763822520BA70057A859 /* Debug */ = {
			isa = XCBuildConfiguration;
			buildSettings = {
				BUNDLE_LOADER = "$(TEST_HOST)";
				CODE_SIGN_STYLE = Automatic;
				INFOPLIST_FILE = GitATests/Info.plist;
				LD_RUNPATH_SEARCH_PATHS = (
					"$(inherited)",
					"@executable_path/Frameworks",
					"@loader_path/Frameworks",
				);
				PRODUCT_BUNDLE_IDENTIFIER = com.rtrs.GitATests;
				PRODUCT_NAME = "$(TARGET_NAME)";
				TARGETED_DEVICE_FAMILY = "1,2";
				TEST_HOST = "$(BUILT_PRODUCTS_DIR)/GitA.app/GitA";
			};
			name = Debug;
		};
		75D2763922520BA70057A859 /* Release */ = {
			isa = XCBuildConfiguration;
			buildSettings = {
				BUNDLE_LOADER = "$(TEST_HOST)";
				CODE_SIGN_STYLE = Automatic;
				INFOPLIST_FILE = GitATests/Info.plist;
				LD_RUNPATH_SEARCH_PATHS = (
					"$(inherited)",
					"@executable_path/Frameworks",
					"@loader_path/Frameworks",
				);
				PRODUCT_BUNDLE_IDENTIFIER = com.rtrs.GitATests;
				PRODUCT_NAME = "$(TARGET_NAME)";
				TARGETED_DEVICE_FAMILY = "1,2";
				TEST_HOST = "$(BUILT_PRODUCTS_DIR)/GitA.app/GitA";
			};
			name = Release;
		};
		75D2763B22520BA70057A859 /* Debug */ = {
			isa = XCBuildConfiguration;
			buildSettings = {
				CODE_SIGN_STYLE = Automatic;
				INFOPLIST_FILE = GitAUITests/Info.plist;
				LD_RUNPATH_SEARCH_PATHS = (
					"$(inherited)",
					"@executable_path/Frameworks",
					"@loader_path/Frameworks",
				);
				PRODUCT_BUNDLE_IDENTIFIER = com.rtrs.GitAUITests;
				PRODUCT_NAME = "$(TARGET_NAME)";
				TARGETED_DEVICE_FAMILY = "1,2";
				TEST_TARGET_NAME = GitA;
			};
			name = Debug;
		};
		75D2763C22520BA70057A859 /* Release */ = {
			isa = XCBuildConfiguration;
			buildSettings = {
				CODE_SIGN_STYLE = Automatic;
				INFOPLIST_FILE = GitAUITests/Info.plist;
				LD_RUNPATH_SEARCH_PATHS = (
					"$(inherited)",
					"@executable_path/Frameworks",
					"@loader_path/Frameworks",
				);
				PRODUCT_BUNDLE_IDENTIFIER = com.rtrs.GitAUITests;
				PRODUCT_NAME = "$(TARGET_NAME)";
				TARGETED_DEVICE_FAMILY = "1,2";
				TEST_TARGET_NAME = GitA;
			};
			name = Release;
		};
/* End XCBuildConfiguration section */

/* Begin XCConfigurationList section */
		75D2760322520BA20057A859 /* Build configuration list for PBXProject "GitA" */ = {
			isa = XCConfigurationList;
			buildConfigurations = (
				75D2763222520BA70057A859 /* Debug */,
				75D2763322520BA70057A859 /* Release */,
			);
			defaultConfigurationIsVisible = 0;
			defaultConfigurationName = Release;
		};
		75D2763422520BA70057A859 /* Build configuration list for PBXNativeTarget "GitA" */ = {
			isa = XCConfigurationList;
			buildConfigurations = (
				75D2763522520BA70057A859 /* Debug */,
				75D2763622520BA70057A859 /* Release */,
			);
			defaultConfigurationIsVisible = 0;
			defaultConfigurationName = Release;
		};
		75D2763722520BA70057A859 /* Build configuration list for PBXNativeTarget "GitATests" */ = {
			isa = XCConfigurationList;
			buildConfigurations = (
				75D2763822520BA70057A859 /* Debug */,
				75D2763922520BA70057A859 /* Release */,
			);
			defaultConfigurationIsVisible = 0;
			defaultConfigurationName = Release;
		};
		75D2763A22520BA70057A859 /* Build configuration list for PBXNativeTarget "GitAUITests" */ = {
			isa = XCConfigurationList;
			buildConfigurations = (
				75D2763B22520BA70057A859 /* Debug */,
				75D2763C22520BA70057A859 /* Release */,
			);
			defaultConfigurationIsVisible = 0;
			defaultConfigurationName = Release;
		};
/* End XCConfigurationList section */
	};
	rootObject = 75D2760022520BA20057A859 /* Project object */;
}
